<?xml version="1.0" encoding="utf-8"?>
<Project ToolsVersion="4.0" xmlns="http://schemas.microsoft.com/developer/msbuild/2003">
  <ItemGroup>
    <Filter Include="Source Files">
      <UniqueIdentifier>{4FC737F1-C7A5-4376-A066-2A32D752A2FF}</UniqueIdentifier>
      <Extensions>cpp;c;cc;cxx;c++;cppm;ixx;def;odl;idl;hpj;bat;asm;asmx</Extensions>
    </Filter>
    <Filter Include="Header Files">
      <UniqueIdentifier>{93995380-89BD-4b04-88EB-625FBE52EBFB}</UniqueIdentifier>
      <Extensions>h;hh;hpp;hxx;h++;hm;inl;inc;ipp;xsd</Extensions>
    </Filter>
    <Filter Include="Resource Files">
      <UniqueIdentifier>{67DA6AB6-F800-4c08-8B7A-83BB121AAD01}</UniqueIdentifier>
      <Extensions>rc;ico;cur;bmp;dlg;rc2;rct;bin;rgs;gif;jpg;jpeg;jpe;resx;tiff;tif;png;wav;mfcribbon-ms</Extensions>
    </Filter>
    <Filter Include="Entity">
      <UniqueIdentifier>{74ebe483-750e-4bdc-92c3-3a5e9b472e94}</UniqueIdentifier>
    </Filter>
    <Filter Include="Entity\Player">
      <UniqueIdentifier>{e9681fb2-a811-49d5-a2e0-142da8dc2b4d}</UniqueIdentifier>
    </Filter>
    <Filter Include="Entity\Monster">
      <UniqueIdentifier>{d10ddfa4-8cdd-4a07-91bd-b06843bec037}</UniqueIdentifier>
    </Filter>
  </ItemGroup>
  <ItemGroup>
    <ClCompile Include="Main.cpp">
      <Filter>Source Files</Filter>
    </ClCompile>
    <ClCompile Include="Entity\Player\Character.cpp">
      <Filter>Entity\Player</Filter>
    </ClCompile>
    <ClCompile Include="Entity\Entity.cpp">
      <Filter>Entity</Filter>
    </ClCompile>
    <ClCompile Include="Entity\Monster\Goblin.cpp">
      <Filter>Entity\Monster</Filter>
    </ClCompile>
    <ClCompile Include="Entity\Monster\Monster.cpp">
      <Filter>Entity\Monster</Filter>
    </ClCompile>
    <ClCompile Include="Entity\Monster\Orc.cpp">
      <Filter>Entity\Monster</Filter>
    </ClCompile>
    <ClCompile Include="Entity\Monster\Slime.cpp">
      <Filter>Entity\Monster</Filter>
    </ClCompile>
    <ClCompile Include="Entity\Monster\Troll.cpp">
      <Filter>Entity\Monster</Filter>
    </ClCompile>
    <ClCompile Include="Manager\GameManager.cpp">
      <Filter>Source Files</Filter>
    </ClCompile>
    <ClCompile Include="Entity\Player\Item\Item.cpp">
      <Filter>Source Files</Filter>
    </ClCompile>
    <ClCompile Include="Entity\Player\Item\EquipMent\EquipMent.cpp">
      <Filter>Source Files</Filter>
    </ClCompile>
    <ClCompile Include="Entity\Player\Item\EquipMent\Weapon.cpp">
      <Filter>Source Files</Filter>
    </ClCompile>

    <ClCompile Include="Entity\Player\Item\Shop.cpp">
      <Filter>Source Files</Filter>
    </ClCompile>
    <ClCompile Include="Entity\Player\Item\ItemManager.cpp">
    <ClCompile Include="Entity\Player\Item\EquipMent\Armor.cpp">
      <Filter>Source Files</Filter>
    </ClCompile>
  </ItemGroup>
  <ItemGroup>
    <ClInclude Include="Entity\Player\Character.h">
      <Filter>Entity\Player</Filter>
    </ClInclude>
    <ClInclude Include="Entity\Entity.h">
      <Filter>Entity</Filter>
    </ClInclude>
    <ClInclude Include="Entity\Monster\Goblin.h">
      <Filter>Entity\Monster</Filter>
    </ClInclude>
    <ClInclude Include="Entity\Monster\Monster.h">
      <Filter>Entity\Monster</Filter>
    </ClInclude>
    <ClInclude Include="Entity\Monster\Orc.h">
      <Filter>Entity\Monster</Filter>
    </ClInclude>
    <ClInclude Include="Entity\Monster\Slime.h">
      <Filter>Entity\Monster</Filter>
    </ClInclude>
    <ClInclude Include="Entity\Monster\Troll.h">
      <Filter>Entity\Monster</Filter>
    </ClInclude>
    <ClInclude Include="Manager\GameManager.h">
      <Filter>Header Files</Filter>
    </ClInclude>
    <ClInclude Include="Entity\Player\Item\Item.h">
      <Filter>Header Files</Filter>
    </ClInclude>
    <ClInclude Include="FrameWork.h">
      <Filter>Header Files</Filter>
    </ClInclude>
    <ClInclude Include="Entity\Player\Item\EquipMent\EquipMent.h">
      <Filter>Header Files</Filter>
    </ClInclude>
    <ClInclude Include="Entity\Player\Item\EquipMent\Weapon.h">
      <Filter>Header Files</Filter>
    </ClInclude>

    <ClInclude Include="Entity\Player\Item\Shop.h">
      <Filter>Header Files</Filter>
    </ClInclude>
    <ClInclude Include="Entity\Player\Item\ItemManager.h">
    <ClInclude Include="Entity\Player\Item\EquipMent\Armor.h">
      <Filter>Header Files</Filter>
    </ClInclude>
  </ItemGroup>
  <ItemGroup>
    <None Include="Entity\Monster\Monster.slnx">
      <Filter>Entity\Monster</Filter>
    </None>
    <None Include="Entity\Monster\Monster.vcxproj">
      <Filter>Entity\Monster</Filter>
    </None>
    <None Include="Entity\Monster\Monster.vcxproj.filters">
      <Filter>Entity\Monster</Filter>
    </None>
  </ItemGroup>
</Project>